
Microsoft Visual Studio Solution File, Format Version 12.00
# Visual Studio Version 17
VisualStudioVersion = 17.8.34408.163
MinimumVisualStudioVersion = 10.0.40219.1
Project("{FAE04EC0-301F-11D3-BF4B-00C04F79EFBC}") = "rajzolosdatabase", "rajzolosdatabase\rajzolosdatabase.csproj", "{76390CF2-53A0-4B0B-9C45-93EA99905DCF}"
EndProject
Global
	GlobalSection(SolutionConfigurationPlatforms) = preSolution
		Debug|Any CPU = Debug|Any CPU
		Release|Any CPU = Release|Any CPU
	EndGlobalSection
	GlobalSection(ProjectConfigurationPlatforms) = postSolution
		{76390CF2-53A0-4B0B-9C45-93EA99905DCF}.Debug|Any CPU.ActiveCfg = Debug|Any CPU
		{76390CF2-53A0-4B0B-9C45-93EA99905DCF}.Debug|Any CPU.Build.0 = Debug|Any CPU
		{76390CF2-53A0-4B0B-9C45-93EA99905DCF}.Release|Any CPU.ActiveCfg = Release|Any CPU
		{76390CF2-53A0-4B0B-9C45-93EA99905DCF}.Release|Any CPU.Build.0 = Release|Any CPU
	EndGlobalSection
	GlobalSection(SolutionProperties) = preSolution
		HideSolutionNode = FALSE
	EndGlobalSection
	GlobalSection(ExtensibilityGlobals) = postSolution
		SolutionGuid = {5A2AF51E-5BF7-4261-B4B6-C0C051BFC216}
	EndGlobalSection
EndGlobal
